
Microsoft Visual Studio Solution File, Format Version 12.00
# Visual Studio Version 17
VisualStudioVersion = 17.0.31903.59
MinimumVisualStudioVersion = 10.0.40219.1
Project("{9A19103F-16F7-4668-BE54-9A1E7A4F7556}") = "MonPetitPoro", "MonPetitPoro\MonPetitPoro.csproj", "{F1127E0C-5AF9-4C39-B599-83891A8BB83D}"
EndProject
Global
	GlobalSection(SolutionConfigurationPlatforms) = preSolution
		Debug|Any CPU = Debug|Any CPU
		Release|Any CPU = Release|Any CPU
	EndGlobalSection
	GlobalSection(ProjectConfigurationPlatforms) = postSolution
		{F1127E0C-5AF9-4C39-B599-83891A8BB83D}.Debug|Any CPU.ActiveCfg = Debug|Any CPU
		{F1127E0C-5AF9-4C39-B599-83891A8BB83D}.Debug|Any CPU.Build.0 = Debug|Any CPU
		{F1127E0C-5AF9-4C39-B599-83891A8BB83D}.Debug|Any CPU.Deploy.0 = Debug|Any CPU
		{F1127E0C-5AF9-4C39-B599-83891A8BB83D}.Release|Any CPU.ActiveCfg = Release|Any CPU
		{F1127E0C-5AF9-4C39-B599-83891A8BB83D}.Release|Any CPU.Build.0 = Release|Any CPU
	EndGlobalSection
	GlobalSection(SolutionProperties) = preSolution
		HideSolutionNode = FALSE
	EndGlobalSection
EndGlobal
